// !$*UTF8*$!
{
	archiveVersion = 1;
	classes = {
	};
	objectVersion = 51;
	objects = {

/* Begin PBXBuildFile section */
		1286AB437590DBE3D7BE8602 /* Pods_RealTalk.framework in Frameworks */ = {isa = PBXBuildFile; fileRef = 3AC5AE03D03B2D6ABB8A5954 /* Pods_RealTalk.framework */; };
		8DA5693169DD01ABE15F200C /* Pods_RealTalkTests.framework in Frameworks */ = {isa = PBXBuildFile; fileRef = A6F00528A369371E1F21B2E0 /* Pods_RealTalkTests.framework */; };
		F302A28F233BE1C400E4F7F3 /* grass.png in Resources */ = {isa = PBXBuildFile; fileRef = F302A28E233BE1C300E4F7F3 /* grass.png */; };
		F302A291233C14E700E4F7F3 /* User.swift in Sources */ = {isa = PBXBuildFile; fileRef = F302A290233C14E700E4F7F3 /* User.swift */; };
		F3467E22234A9CF1001C9D5C /* ChatVC.swift in Sources */ = {isa = PBXBuildFile; fileRef = F3467E21234A9CF1001C9D5C /* ChatVC.swift */; };
		F3467E24234ACF26001C9D5C /* Message.swift in Sources */ = {isa = PBXBuildFile; fileRef = F3467E23234ACF26001C9D5C /* Message.swift */; };
		F3467E26234BA573001C9D5C /* Sender.swift in Sources */ = {isa = PBXBuildFile; fileRef = F3467E25234BA573001C9D5C /* Sender.swift */; };
		F346CC00233AB3D0008B860C /* AppDelegate.swift in Sources */ = {isa = PBXBuildFile; fileRef = F346CBFF233AB3D0008B860C /* AppDelegate.swift */; };
		F346CC02233AB3D0008B860C /* ViewController.swift in Sources */ = {isa = PBXBuildFile; fileRef = F346CC01233AB3D0008B860C /* ViewController.swift */; };
		F346CC05233AB3D0008B860C /* Main.storyboard in Resources */ = {isa = PBXBuildFile; fileRef = F346CC03233AB3D0008B860C /* Main.storyboard */; };
		F346CC07233AB3D1008B860C /* Assets.xcassets in Resources */ = {isa = PBXBuildFile; fileRef = F346CC06233AB3D1008B860C /* Assets.xcassets */; };
		F346CC0A233AB3D1008B860C /* LaunchScreen.storyboard in Resources */ = {isa = PBXBuildFile; fileRef = F346CC08233AB3D1008B860C /* LaunchScreen.storyboard */; };
		F346CC15233AB3D1008B860C /* RealTalkTests.swift in Sources */ = {isa = PBXBuildFile; fileRef = F346CC14233AB3D1008B860C /* RealTalkTests.swift */; };
		F346CC20233AB3D1008B860C /* RealTalkUITests.swift in Sources */ = {isa = PBXBuildFile; fileRef = F346CC1F233AB3D1008B860C /* RealTalkUITests.swift */; };
		F346CC2E233ABC1C008B860C /* OpeningVC.swift in Sources */ = {isa = PBXBuildFile; fileRef = F346CC2D233ABC1C008B860C /* OpeningVC.swift */; };
		F346CC30233ABC45008B860C /* SignUpLoginVC.swift in Sources */ = {isa = PBXBuildFile; fileRef = F346CC2F233ABC45008B860C /* SignUpLoginVC.swift */; };
		F346CC32233ABC59008B860C /* SignUpVC.swift in Sources */ = {isa = PBXBuildFile; fileRef = F346CC31233ABC59008B860C /* SignUpVC.swift */; };
		F346CC34233ABC66008B860C /* LoginVC.swift in Sources */ = {isa = PBXBuildFile; fileRef = F346CC33233ABC66008B860C /* LoginVC.swift */; };
		F346CC36233ABC76008B860C /* SuccessVC.swift in Sources */ = {isa = PBXBuildFile; fileRef = F346CC35233ABC76008B860C /* SuccessVC.swift */; };
		F346CC38233ABC84008B860C /* HomeVC.swift in Sources */ = {isa = PBXBuildFile; fileRef = F346CC37233ABC84008B860C /* HomeVC.swift */; };
		F346CC3E233AC850008B860C /* GoogleService-Info.plist in Resources */ = {isa = PBXBuildFile; fileRef = F346CC3D233AC850008B860C /* GoogleService-Info.plist */; };
		F3EC8280233B0A4E00041B6A /* FeelingTableViewCell.swift in Sources */ = {isa = PBXBuildFile; fileRef = F3EC827F233B0A4E00041B6A /* FeelingTableViewCell.swift */; };
		F9D71C66605BE3FA984EA675 /* Pods_RealTalkUITests.framework in Frameworks */ = {isa = PBXBuildFile; fileRef = 61B725D024E3ECAED3A6A72E /* Pods_RealTalkUITests.framework */; };
/* End PBXBuildFile section */

/* Begin PBXContainerItemProxy section */
		F346CC11233AB3D1008B860C /* PBXContainerItemProxy */ = {
			isa = PBXContainerItemProxy;
			containerPortal = F346CBF4233AB3D0008B860C /* Project object */;
			proxyType = 1;
			remoteGlobalIDString = F346CBFB233AB3D0008B860C;
			remoteInfo = RealTalk;
		};
		F346CC1C233AB3D1008B860C /* PBXContainerItemProxy */ = {
			isa = PBXContainerItemProxy;
			containerPortal = F346CBF4233AB3D0008B860C /* Project object */;
			proxyType = 1;
			remoteGlobalIDString = F346CBFB233AB3D0008B860C;
			remoteInfo = RealTalk;
		};
/* End PBXContainerItemProxy section */

/* Begin PBXFileReference section */
		2682B9034D9C28AB332F62F7 /* Pods-RealTalkTests.debug.xcconfig */ = {isa = PBXFileReference; includeInIndex = 1; lastKnownFileType = text.xcconfig; name = "Pods-RealTalkTests.debug.xcconfig"; path = "Target Support Files/Pods-RealTalkTests/Pods-RealTalkTests.debug.xcconfig"; sourceTree = "<group>"; };
		3AC5AE03D03B2D6ABB8A5954 /* Pods_RealTalk.framework */ = {isa = PBXFileReference; explicitFileType = wrapper.framework; includeInIndex = 0; path = Pods_RealTalk.framework; sourceTree = BUILT_PRODUCTS_DIR; };
		61B725D024E3ECAED3A6A72E /* Pods_RealTalkUITests.framework */ = {isa = PBXFileReference; explicitFileType = wrapper.framework; includeInIndex = 0; path = Pods_RealTalkUITests.framework; sourceTree = BUILT_PRODUCTS_DIR; };
		6A9ACB0AC717606D48FBA62F /* Pods-RealTalkUITests.release.xcconfig */ = {isa = PBXFileReference; includeInIndex = 1; lastKnownFileType = text.xcconfig; name = "Pods-RealTalkUITests.release.xcconfig"; path = "Target Support Files/Pods-RealTalkUITests/Pods-RealTalkUITests.release.xcconfig"; sourceTree = "<group>"; };
		A6F00528A369371E1F21B2E0 /* Pods_RealTalkTests.framework */ = {isa = PBXFileReference; explicitFileType = wrapper.framework; includeInIndex = 0; path = Pods_RealTalkTests.framework; sourceTree = BUILT_PRODUCTS_DIR; };
		DC37BABB704E1B869FFF91D5 /* Pods-RealTalk.debug.xcconfig */ = {isa = PBXFileReference; includeInIndex = 1; lastKnownFileType = text.xcconfig; name = "Pods-RealTalk.debug.xcconfig"; path = "Target Support Files/Pods-RealTalk/Pods-RealTalk.debug.xcconfig"; sourceTree = "<group>"; };
		EB60D4F91AA2C36C18C1F2B2 /* Pods-RealTalk.release.xcconfig */ = {isa = PBXFileReference; includeInIndex = 1; lastKnownFileType = text.xcconfig; name = "Pods-RealTalk.release.xcconfig"; path = "Target Support Files/Pods-RealTalk/Pods-RealTalk.release.xcconfig"; sourceTree = "<group>"; };
		F302A28E233BE1C300E4F7F3 /* grass.png */ = {isa = PBXFileReference; lastKnownFileType = image.png; path = grass.png; sourceTree = "<group>"; };
		F302A290233C14E700E4F7F3 /* User.swift */ = {isa = PBXFileReference; lastKnownFileType = sourcecode.swift; path = User.swift; sourceTree = "<group>"; };
		F3467E21234A9CF1001C9D5C /* ChatVC.swift */ = {isa = PBXFileReference; lastKnownFileType = sourcecode.swift; path = ChatVC.swift; sourceTree = "<group>"; };
		F3467E23234ACF26001C9D5C /* Message.swift */ = {isa = PBXFileReference; lastKnownFileType = sourcecode.swift; path = Message.swift; sourceTree = "<group>"; };
		F3467E25234BA573001C9D5C /* Sender.swift */ = {isa = PBXFileReference; lastKnownFileType = sourcecode.swift; path = Sender.swift; sourceTree = "<group>"; };
		F346CBFC233AB3D0008B860C /* RealTalk.app */ = {isa = PBXFileReference; explicitFileType = wrapper.application; includeInIndex = 0; path = RealTalk.app; sourceTree = BUILT_PRODUCTS_DIR; };
		F346CBFF233AB3D0008B860C /* AppDelegate.swift */ = {isa = PBXFileReference; lastKnownFileType = sourcecode.swift; path = AppDelegate.swift; sourceTree = "<group>"; };
		F346CC01233AB3D0008B860C /* ViewController.swift */ = {isa = PBXFileReference; lastKnownFileType = sourcecode.swift; path = ViewController.swift; sourceTree = "<group>"; };
		F346CC04233AB3D0008B860C /* Base */ = {isa = PBXFileReference; lastKnownFileType = file.storyboard; name = Base; path = Base.lproj/Main.storyboard; sourceTree = "<group>"; };
		F346CC06233AB3D1008B860C /* Assets.xcassets */ = {isa = PBXFileReference; lastKnownFileType = folder.assetcatalog; path = Assets.xcassets; sourceTree = "<group>"; };
		F346CC09233AB3D1008B860C /* Base */ = {isa = PBXFileReference; lastKnownFileType = file.storyboard; name = Base; path = Base.lproj/LaunchScreen.storyboard; sourceTree = "<group>"; };
		F346CC0B233AB3D1008B860C /* Info.plist */ = {isa = PBXFileReference; lastKnownFileType = text.plist.xml; path = Info.plist; sourceTree = "<group>"; };
		F346CC10233AB3D1008B860C /* RealTalkTests.xctest */ = {isa = PBXFileReference; explicitFileType = wrapper.cfbundle; includeInIndex = 0; path = RealTalkTests.xctest; sourceTree = BUILT_PRODUCTS_DIR; };
		F346CC14233AB3D1008B860C /* RealTalkTests.swift */ = {isa = PBXFileReference; lastKnownFileType = sourcecode.swift; path = RealTalkTests.swift; sourceTree = "<group>"; };
		F346CC16233AB3D1008B860C /* Info.plist */ = {isa = PBXFileReference; lastKnownFileType = text.plist.xml; path = Info.plist; sourceTree = "<group>"; };
		F346CC1B233AB3D1008B860C /* RealTalkUITests.xctest */ = {isa = PBXFileReference; explicitFileType = wrapper.cfbundle; includeInIndex = 0; path = RealTalkUITests.xctest; sourceTree = BUILT_PRODUCTS_DIR; };
		F346CC1F233AB3D1008B860C /* RealTalkUITests.swift */ = {isa = PBXFileReference; lastKnownFileType = sourcecode.swift; path = RealTalkUITests.swift; sourceTree = "<group>"; };
		F346CC21233AB3D1008B860C /* Info.plist */ = {isa = PBXFileReference; lastKnownFileType = text.plist.xml; path = Info.plist; sourceTree = "<group>"; };
		F346CC2D233ABC1C008B860C /* OpeningVC.swift */ = {isa = PBXFileReference; lastKnownFileType = sourcecode.swift; path = OpeningVC.swift; sourceTree = "<group>"; };
		F346CC2F233ABC45008B860C /* SignUpLoginVC.swift */ = {isa = PBXFileReference; lastKnownFileType = sourcecode.swift; path = SignUpLoginVC.swift; sourceTree = "<group>"; };
		F346CC31233ABC59008B860C /* SignUpVC.swift */ = {isa = PBXFileReference; lastKnownFileType = sourcecode.swift; path = SignUpVC.swift; sourceTree = "<group>"; };
		F346CC33233ABC66008B860C /* LoginVC.swift */ = {isa = PBXFileReference; lastKnownFileType = sourcecode.swift; path = LoginVC.swift; sourceTree = "<group>"; };
		F346CC35233ABC76008B860C /* SuccessVC.swift */ = {isa = PBXFileReference; lastKnownFileType = sourcecode.swift; path = SuccessVC.swift; sourceTree = "<group>"; };
		F346CC37233ABC84008B860C /* HomeVC.swift */ = {isa = PBXFileReference; lastKnownFileType = sourcecode.swift; path = HomeVC.swift; sourceTree = "<group>"; };
		F346CC3D233AC850008B860C /* GoogleService-Info.plist */ = {isa = PBXFileReference; fileEncoding = 4; lastKnownFileType = text.plist.xml; path = "GoogleService-Info.plist"; sourceTree = "<group>"; };
		F3EC827F233B0A4E00041B6A /* FeelingTableViewCell.swift */ = {isa = PBXFileReference; lastKnownFileType = sourcecode.swift; path = FeelingTableViewCell.swift; sourceTree = "<group>"; };
		F852AAF7B279C968AEAE1FBD /* Pods-RealTalkTests.release.xcconfig */ = {isa = PBXFileReference; includeInIndex = 1; lastKnownFileType = text.xcconfig; name = "Pods-RealTalkTests.release.xcconfig"; path = "Target Support Files/Pods-RealTalkTests/Pods-RealTalkTests.release.xcconfig"; sourceTree = "<group>"; };
		FD4628D642CED2259334A462 /* Pods-RealTalkUITests.debug.xcconfig */ = {isa = PBXFileReference; includeInIndex = 1; lastKnownFileType = text.xcconfig; name = "Pods-RealTalkUITests.debug.xcconfig"; path = "Target Support Files/Pods-RealTalkUITests/Pods-RealTalkUITests.debug.xcconfig"; sourceTree = "<group>"; };
/* End PBXFileReference section */

/* Begin PBXFrameworksBuildPhase section */
		F346CBF9233AB3D0008B860C /* Frameworks */ = {
			isa = PBXFrameworksBuildPhase;
			buildActionMask = 2147483647;
			files = (
				1286AB437590DBE3D7BE8602 /* Pods_RealTalk.framework in Frameworks */,
			);
			runOnlyForDeploymentPostprocessing = 0;
		};
		F346CC0D233AB3D1008B860C /* Frameworks */ = {
			isa = PBXFrameworksBuildPhase;
			buildActionMask = 2147483647;
			files = (
				8DA5693169DD01ABE15F200C /* Pods_RealTalkTests.framework in Frameworks */,
			);
			runOnlyForDeploymentPostprocessing = 0;
		};
		F346CC18233AB3D1008B860C /* Frameworks */ = {
			isa = PBXFrameworksBuildPhase;
			buildActionMask = 2147483647;
			files = (
				F9D71C66605BE3FA984EA675 /* Pods_RealTalkUITests.framework in Frameworks */,
			);
			runOnlyForDeploymentPostprocessing = 0;
		};
/* End PBXFrameworksBuildPhase section */

/* Begin PBXGroup section */
		CE4FF2CE4201ADEA43AE17ED /* Frameworks */ = {
			isa = PBXGroup;
			children = (
				3AC5AE03D03B2D6ABB8A5954 /* Pods_RealTalk.framework */,
				A6F00528A369371E1F21B2E0 /* Pods_RealTalkTests.framework */,
				61B725D024E3ECAED3A6A72E /* Pods_RealTalkUITests.framework */,
			);
			name = Frameworks;
			sourceTree = "<group>";
		};
		EC9FE72FA20667DB557FB0E5 /* Pods */ = {
			isa = PBXGroup;
			children = (
				DC37BABB704E1B869FFF91D5 /* Pods-RealTalk.debug.xcconfig */,
				EB60D4F91AA2C36C18C1F2B2 /* Pods-RealTalk.release.xcconfig */,
				2682B9034D9C28AB332F62F7 /* Pods-RealTalkTests.debug.xcconfig */,
				F852AAF7B279C968AEAE1FBD /* Pods-RealTalkTests.release.xcconfig */,
				FD4628D642CED2259334A462 /* Pods-RealTalkUITests.debug.xcconfig */,
				6A9ACB0AC717606D48FBA62F /* Pods-RealTalkUITests.release.xcconfig */,
			);
			path = Pods;
			sourceTree = "<group>";
		};
		F346CBF3233AB3D0008B860C = {
			isa = PBXGroup;
			children = (
				F346CBFE233AB3D0008B860C /* RealTalk */,
				F346CC13233AB3D1008B860C /* RealTalkTests */,
				F346CC1E233AB3D1008B860C /* RealTalkUITests */,
				F346CBFD233AB3D0008B860C /* Products */,
				EC9FE72FA20667DB557FB0E5 /* Pods */,
				CE4FF2CE4201ADEA43AE17ED /* Frameworks */,
			);
			sourceTree = "<group>";
		};
		F346CBFD233AB3D0008B860C /* Products */ = {
			isa = PBXGroup;
			children = (
				F346CBFC233AB3D0008B860C /* RealTalk.app */,
				F346CC10233AB3D1008B860C /* RealTalkTests.xctest */,
				F346CC1B233AB3D1008B860C /* RealTalkUITests.xctest */,
			);
			name = Products;
			sourceTree = "<group>";
		};
		F346CBFE233AB3D0008B860C /* RealTalk */ = {
			isa = PBXGroup;
			children = (
				F346CBFF233AB3D0008B860C /* AppDelegate.swift */,
				F346CC01233AB3D0008B860C /* ViewController.swift */,
				F346CC03233AB3D0008B860C /* Main.storyboard */,
				F346CC3D233AC850008B860C /* GoogleService-Info.plist */,
				F346CC06233AB3D1008B860C /* Assets.xcassets */,
				F346CC08233AB3D1008B860C /* LaunchScreen.storyboard */,
				F302A28E233BE1C300E4F7F3 /* grass.png */,
				F346CC0B233AB3D1008B860C /* Info.plist */,
				F346CC2D233ABC1C008B860C /* OpeningVC.swift */,
				F346CC2F233ABC45008B860C /* SignUpLoginVC.swift */,
				F346CC31233ABC59008B860C /* SignUpVC.swift */,
				F346CC33233ABC66008B860C /* LoginVC.swift */,
				F346CC35233ABC76008B860C /* SuccessVC.swift */,
				F346CC37233ABC84008B860C /* HomeVC.swift */,
				F3EC827F233B0A4E00041B6A /* FeelingTableViewCell.swift */,
				F302A290233C14E700E4F7F3 /* User.swift */,
				F3467E21234A9CF1001C9D5C /* ChatVC.swift */,
				F3467E23234ACF26001C9D5C /* Message.swift */,
				F3467E25234BA573001C9D5C /* Sender.swift */,
			);
			path = RealTalk;
			sourceTree = "<group>";
		};
		F346CC13233AB3D1008B860C /* RealTalkTests */ = {
			isa = PBXGroup;
			children = (
				F346CC14233AB3D1008B860C /* RealTalkTests.swift */,
				F346CC16233AB3D1008B860C /* Info.plist */,
			);
			path = RealTalkTests;
			sourceTree = "<group>";
		};
		F346CC1E233AB3D1008B860C /* RealTalkUITests */ = {
			isa = PBXGroup;
			children = (
				F346CC1F233AB3D1008B860C /* RealTalkUITests.swift */,
				F346CC21233AB3D1008B860C /* Info.plist */,
			);
			path = RealTalkUITests;
			sourceTree = "<group>";
		};
/* End PBXGroup section */

/* Begin PBXNativeTarget section */
		F346CBFB233AB3D0008B860C /* RealTalk */ = {
			isa = PBXNativeTarget;
			buildConfigurationList = F346CC24233AB3D1008B860C /* Build configuration list for PBXNativeTarget "RealTalk" */;
			buildPhases = (
				611404810385F2B3E91CFDE5 /* [CP] Check Pods Manifest.lock */,
				F346CBF8233AB3D0008B860C /* Sources */,
				F346CBF9233AB3D0008B860C /* Frameworks */,
				F346CBFA233AB3D0008B860C /* Resources */,
				FBE93B2CA9C9280EF09ADCC6 /* [CP] Embed Pods Frameworks */,
			);
			buildRules = (
			);
			dependencies = (
			);
			name = RealTalk;
			productName = RealTalk;
			productReference = F346CBFC233AB3D0008B860C /* RealTalk.app */;
			productType = "com.apple.product-type.application";
		};
		F346CC0F233AB3D1008B860C /* RealTalkTests */ = {
			isa = PBXNativeTarget;
			buildConfigurationList = F346CC27233AB3D1008B860C /* Build configuration list for PBXNativeTarget "RealTalkTests" */;
			buildPhases = (
				BC271DB2A42E2A16E0B0DEC6 /* [CP] Check Pods Manifest.lock */,
				F346CC0C233AB3D1008B860C /* Sources */,
				F346CC0D233AB3D1008B860C /* Frameworks */,
				F346CC0E233AB3D1008B860C /* Resources */,
				1EC00D8E6BEA98B12DB5ACB3 /* [CP] Embed Pods Frameworks */,
			);
			buildRules = (
			);
			dependencies = (
				F346CC12233AB3D1008B860C /* PBXTargetDependency */,
			);
			name = RealTalkTests;
			productName = RealTalkTests;
			productReference = F346CC10233AB3D1008B860C /* RealTalkTests.xctest */;
			productType = "com.apple.product-type.bundle.unit-test";
		};
		F346CC1A233AB3D1008B860C /* RealTalkUITests */ = {
			isa = PBXNativeTarget;
			buildConfigurationList = F346CC2A233AB3D1008B860C /* Build configuration list for PBXNativeTarget "RealTalkUITests" */;
			buildPhases = (
				AD3BAFFC2F682E5375F5354B /* [CP] Check Pods Manifest.lock */,
				F346CC17233AB3D1008B860C /* Sources */,
				F346CC18233AB3D1008B860C /* Frameworks */,
				F346CC19233AB3D1008B860C /* Resources */,
				B809012CD2F63C7CFFDE40E8 /* [CP] Embed Pods Frameworks */,
			);
			buildRules = (
			);
			dependencies = (
				F346CC1D233AB3D1008B860C /* PBXTargetDependency */,
			);
			name = RealTalkUITests;
			productName = RealTalkUITests;
			productReference = F346CC1B233AB3D1008B860C /* RealTalkUITests.xctest */;
			productType = "com.apple.product-type.bundle.ui-testing";
		};
/* End PBXNativeTarget section */

/* Begin PBXProject section */
		F346CBF4233AB3D0008B860C /* Project object */ = {
			isa = PBXProject;
			attributes = {
				LastSwiftUpdateCheck = 1030;
				LastUpgradeCheck = 1030;
				ORGANIZATIONNAME = RealTalk;
				TargetAttributes = {
					F346CBFB233AB3D0008B860C = {
						CreatedOnToolsVersion = 10.3;
					};
					F346CC0F233AB3D1008B860C = {
						CreatedOnToolsVersion = 10.3;
						TestTargetID = F346CBFB233AB3D0008B860C;
					};
					F346CC1A233AB3D1008B860C = {
						CreatedOnToolsVersion = 10.3;
						TestTargetID = F346CBFB233AB3D0008B860C;
					};
				};
			};
			buildConfigurationList = F346CBF7233AB3D0008B860C /* Build configuration list for PBXProject "RealTalk" */;
			compatibilityVersion = "Xcode 9.3";
			developmentRegion = en;
			hasScannedForEncodings = 0;
			knownRegions = (
				en,
				Base,
			);
			mainGroup = F346CBF3233AB3D0008B860C;
			productRefGroup = F346CBFD233AB3D0008B860C /* Products */;
			projectDirPath = "";
			projectRoot = "";
			targets = (
				F346CBFB233AB3D0008B860C /* RealTalk */,
				F346CC0F233AB3D1008B860C /* RealTalkTests */,
				F346CC1A233AB3D1008B860C /* RealTalkUITests */,
			);
		};
/* End PBXProject section */

/* Begin PBXResourcesBuildPhase section */
		F346CBFA233AB3D0008B860C /* Resources */ = {
			isa = PBXResourcesBuildPhase;
			buildActionMask = 2147483647;
			files = (
				F346CC0A233AB3D1008B860C /* LaunchScreen.storyboard in Resources */,
				F346CC07233AB3D1008B860C /* Assets.xcassets in Resources */,
				F302A28F233BE1C400E4F7F3 /* grass.png in Resources */,
				F346CC3E233AC850008B860C /* GoogleService-Info.plist in Resources */,
				F346CC05233AB3D0008B860C /* Main.storyboard in Resources */,
			);
			runOnlyForDeploymentPostprocessing = 0;
		};
		F346CC0E233AB3D1008B860C /* Resources */ = {
			isa = PBXResourcesBuildPhase;
			buildActionMask = 2147483647;
			files = (
			);
			runOnlyForDeploymentPostprocessing = 0;
		};
		F346CC19233AB3D1008B860C /* Resources */ = {
			isa = PBXResourcesBuildPhase;
			buildActionMask = 2147483647;
			files = (
			);
			runOnlyForDeploymentPostprocessing = 0;
		};
/* End PBXResourcesBuildPhase section */

/* Begin PBXShellScriptBuildPhase section */
		1EC00D8E6BEA98B12DB5ACB3 /* [CP] Embed Pods Frameworks */ = {
			isa = PBXShellScriptBuildPhase;
			buildActionMask = 2147483647;
			files = (
			);
			inputFileListPaths = (
				"${PODS_ROOT}/Target Support Files/Pods-RealTalkTests/Pods-RealTalkTests-frameworks-${CONFIGURATION}-input-files.xcfilelist",
			);
			name = "[CP] Embed Pods Frameworks";
			outputFileListPaths = (
				"${PODS_ROOT}/Target Support Files/Pods-RealTalkTests/Pods-RealTalkTests-frameworks-${CONFIGURATION}-output-files.xcfilelist",
			);
			runOnlyForDeploymentPostprocessing = 0;
			shellPath = /bin/sh;
			shellScript = "\"${PODS_ROOT}/Target Support Files/Pods-RealTalkTests/Pods-RealTalkTests-frameworks.sh\"\n";
			showEnvVarsInLog = 0;
		};
		611404810385F2B3E91CFDE5 /* [CP] Check Pods Manifest.lock */ = {
			isa = PBXShellScriptBuildPhase;
			buildActionMask = 2147483647;
			files = (
			);
			inputFileListPaths = (
			);
			inputPaths = (
				"${PODS_PODFILE_DIR_PATH}/Podfile.lock",
				"${PODS_ROOT}/Manifest.lock",
			);
			name = "[CP] Check Pods Manifest.lock";
			outputFileListPaths = (
			);
			outputPaths = (
				"$(DERIVED_FILE_DIR)/Pods-RealTalk-checkManifestLockResult.txt",
			);
			runOnlyForDeploymentPostprocessing = 0;
			shellPath = /bin/sh;
			shellScript = "diff \"${PODS_PODFILE_DIR_PATH}/Podfile.lock\" \"${PODS_ROOT}/Manifest.lock\" > /dev/null\nif [ $? != 0 ] ; then\n    # print error to STDERR\n    echo \"error: The sandbox is not in sync with the Podfile.lock. Run 'pod install' or update your CocoaPods installation.\" >&2\n    exit 1\nfi\n# This output is used by Xcode 'outputs' to avoid re-running this script phase.\necho \"SUCCESS\" > \"${SCRIPT_OUTPUT_FILE_0}\"\n";
			showEnvVarsInLog = 0;
		};
		AD3BAFFC2F682E5375F5354B /* [CP] Check Pods Manifest.lock */ = {
			isa = PBXShellScriptBuildPhase;
			buildActionMask = 2147483647;
			files = (
			);
			inputFileListPaths = (
			);
			inputPaths = (
				"${PODS_PODFILE_DIR_PATH}/Podfile.lock",
				"${PODS_ROOT}/Manifest.lock",
			);
			name = "[CP] Check Pods Manifest.lock";
			outputFileListPaths = (
			);
			outputPaths = (
				"$(DERIVED_FILE_DIR)/Pods-RealTalkUITests-checkManifestLockResult.txt",
			);
			runOnlyForDeploymentPostprocessing = 0;
			shellPath = /bin/sh;
			shellScript = "diff \"${PODS_PODFILE_DIR_PATH}/Podfile.lock\" \"${PODS_ROOT}/Manifest.lock\" > /dev/null\nif [ $? != 0 ] ; then\n    # print error to STDERR\n    echo \"error: The sandbox is not in sync with the Podfile.lock. Run 'pod install' or update your CocoaPods installation.\" >&2\n    exit 1\nfi\n# This output is used by Xcode 'outputs' to avoid re-running this script phase.\necho \"SUCCESS\" > \"${SCRIPT_OUTPUT_FILE_0}\"\n";
			showEnvVarsInLog = 0;
		};
		B809012CD2F63C7CFFDE40E8 /* [CP] Embed Pods Frameworks */ = {
			isa = PBXShellScriptBuildPhase;
			buildActionMask = 2147483647;
			files = (
			);
			inputFileListPaths = (
				"${PODS_ROOT}/Target Support Files/Pods-RealTalkUITests/Pods-RealTalkUITests-frameworks-${CONFIGURATION}-input-files.xcfilelist",
			);
			name = "[CP] Embed Pods Frameworks";
			outputFileListPaths = (
				"${PODS_ROOT}/Target Support Files/Pods-RealTalkUITests/Pods-RealTalkUITests-frameworks-${CONFIGURATION}-output-files.xcfilelist",
			);
			runOnlyForDeploymentPostprocessing = 0;
			shellPath = /bin/sh;
			shellScript = "\"${PODS_ROOT}/Target Support Files/Pods-RealTalkUITests/Pods-RealTalkUITests-frameworks.sh\"\n";
			showEnvVarsInLog = 0;
		};
		BC271DB2A42E2A16E0B0DEC6 /* [CP] Check Pods Manifest.lock */ = {
			isa = PBXShellScriptBuildPhase;
			buildActionMask = 2147483647;
			files = (
			);
			inputFileListPaths = (
			);
			inputPaths = (
				"${PODS_PODFILE_DIR_PATH}/Podfile.lock",
				"${PODS_ROOT}/Manifest.lock",
			);
			name = "[CP] Check Pods Manifest.lock";
			outputFileListPaths = (
			);
			outputPaths = (
				"$(DERIVED_FILE_DIR)/Pods-RealTalkTests-checkManifestLockResult.txt",
			);
			runOnlyForDeploymentPostprocessing = 0;
			shellPath = /bin/sh;
			shellScript = "diff \"${PODS_PODFILE_DIR_PATH}/Podfile.lock\" \"${PODS_ROOT}/Manifest.lock\" > /dev/null\nif [ $? != 0 ] ; then\n    # print error to STDERR\n    echo \"error: The sandbox is not in sync with the Podfile.lock. Run 'pod install' or update your CocoaPods installation.\" >&2\n    exit 1\nfi\n# This output is used by Xcode 'outputs' to avoid re-running this script phase.\necho \"SUCCESS\" > \"${SCRIPT_OUTPUT_FILE_0}\"\n";
			showEnvVarsInLog = 0;
		};
		FBE93B2CA9C9280EF09ADCC6 /* [CP] Embed Pods Frameworks */ = {
			isa = PBXShellScriptBuildPhase;
			buildActionMask = 2147483647;
			files = (
			);
			inputFileListPaths = (
				"${PODS_ROOT}/Target Support Files/Pods-RealTalk/Pods-RealTalk-frameworks-${CONFIGURATION}-input-files.xcfilelist",
			);
			name = "[CP] Embed Pods Frameworks";
			outputFileListPaths = (
				"${PODS_ROOT}/Target Support Files/Pods-RealTalk/Pods-RealTalk-frameworks-${CONFIGURATION}-output-files.xcfilelist",
			);
			runOnlyForDeploymentPostprocessing = 0;
			shellPath = /bin/sh;
			shellScript = "\"${PODS_ROOT}/Target Support Files/Pods-RealTalk/Pods-RealTalk-frameworks.sh\"\n";
			showEnvVarsInLog = 0;
		};
/* End PBXShellScriptBuildPhase section */

/* Begin PBXSourcesBuildPhase section */
		F346CBF8233AB3D0008B860C /* Sources */ = {
			isa = PBXSourcesBuildPhase;
			buildActionMask = 2147483647;
			files = (
				F3467E26234BA573001C9D5C /* Sender.swift in Sources */,
				F346CC02233AB3D0008B860C /* ViewController.swift in Sources */,
				F346CC38233ABC84008B860C /* HomeVC.swift in Sources */,
				F346CC00233AB3D0008B860C /* AppDelegate.swift in Sources */,
				F346CC36233ABC76008B860C /* SuccessVC.swift in Sources */,
				F3EC8280233B0A4E00041B6A /* FeelingTableViewCell.swift in Sources */,
				F346CC34233ABC66008B860C /* LoginVC.swift in Sources */,
				F3467E22234A9CF1001C9D5C /* ChatVC.swift in Sources */,
				F346CC30233ABC45008B860C /* SignUpLoginVC.swift in Sources */,
				F346CC32233ABC59008B860C /* SignUpVC.swift in Sources */,
				F3467E24234ACF26001C9D5C /* Message.swift in Sources */,
				F302A291233C14E700E4F7F3 /* User.swift in Sources */,
				F346CC2E233ABC1C008B860C /* OpeningVC.swift in Sources */,
			);
			runOnlyForDeploymentPostprocessing = 0;
		};
		F346CC0C233AB3D1008B860C /* Sources */ = {
			isa = PBXSourcesBuildPhase;
			buildActionMask = 2147483647;
			files = (
				F346CC15233AB3D1008B860C /* RealTalkTests.swift in Sources */,
			);
			runOnlyForDeploymentPostprocessing = 0;
		};
		F346CC17233AB3D1008B860C /* Sources */ = {
			isa = PBXSourcesBuildPhase;
			buildActionMask = 2147483647;
			files = (
				F346CC20233AB3D1008B860C /* RealTalkUITests.swift in Sources */,
			);
			runOnlyForDeploymentPostprocessing = 0;
		};
/* End PBXSourcesBuildPhase section */

/* Begin PBXTargetDependency section */
		F346CC12233AB3D1008B860C /* PBXTargetDependency */ = {
			isa = PBXTargetDependency;
			target = F346CBFB233AB3D0008B860C /* RealTalk */;
			targetProxy = F346CC11233AB3D1008B860C /* PBXContainerItemProxy */;
		};
		F346CC1D233AB3D1008B860C /* PBXTargetDependency */ = {
			isa = PBXTargetDependency;
			target = F346CBFB233AB3D0008B860C /* RealTalk */;
			targetProxy = F346CC1C233AB3D1008B860C /* PBXContainerItemProxy */;
		};
/* End PBXTargetDependency section */

/* Begin PBXVariantGroup section */
		F346CC03233AB3D0008B860C /* Main.storyboard */ = {
			isa = PBXVariantGroup;
			children = (
				F346CC04233AB3D0008B860C /* Base */,
			);
			name = Main.storyboard;
			sourceTree = "<group>";
		};
		F346CC08233AB3D1008B860C /* LaunchScreen.storyboard */ = {
			isa = PBXVariantGroup;
			children = (
				F346CC09233AB3D1008B860C /* Base */,
			);
			name = LaunchScreen.storyboard;
			sourceTree = "<group>";
		};
/* End PBXVariantGroup section */

/* Begin XCBuildConfiguration section */
		F346CC22233AB3D1008B860C /* Debug */ = {
			isa = XCBuildConfiguration;
			buildSettings = {
				ALWAYS_SEARCH_USER_PATHS = NO;
				CLANG_ANALYZER_NONNULL = YES;
				CLANG_ANALYZER_NUMBER_OBJECT_CONVERSION = YES_AGGRESSIVE;
				CLANG_CXX_LANGUAGE_STANDARD = "gnu++14";
				CLANG_CXX_LIBRARY = "libc++";
				CLANG_ENABLE_MODULES = YES;
				CLANG_ENABLE_OBJC_ARC = YES;
				CLANG_ENABLE_OBJC_WEAK = YES;
				CLANG_WARN_BLOCK_CAPTURE_AUTORELEASING = YES;
				CLANG_WARN_BOOL_CONVERSION = YES;
				CLANG_WARN_COMMA = YES;
				CLANG_WARN_CONSTANT_CONVERSION = YES;
				CLANG_WARN_DEPRECATED_OBJC_IMPLEMENTATIONS = YES;
				CLANG_WARN_DIRECT_OBJC_ISA_USAGE = YES_ERROR;
				CLANG_WARN_DOCUMENTATION_COMMENTS = YES;
				CLANG_WARN_EMPTY_BODY = YES;
				CLANG_WARN_ENUM_CONVERSION = YES;
				CLANG_WARN_INFINITE_RECURSION = YES;
				CLANG_WARN_INT_CONVERSION = YES;
				CLANG_WARN_NON_LITERAL_NULL_CONVERSION = YES;
				CLANG_WARN_OBJC_IMPLICIT_RETAIN_SELF = YES;
				CLANG_WARN_OBJC_LITERAL_CONVERSION = YES;
				CLANG_WARN_OBJC_ROOT_CLASS = YES_ERROR;
				CLANG_WARN_RANGE_LOOP_ANALYSIS = YES;
				CLANG_WARN_STRICT_PROTOTYPES = YES;
				CLANG_WARN_SUSPICIOUS_MOVE = YES;
				CLANG_WARN_UNGUARDED_AVAILABILITY = YES_AGGRESSIVE;
				CLANG_WARN_UNREACHABLE_CODE = YES;
				CLANG_WARN__DUPLICATE_METHOD_MATCH = YES;
				CODE_SIGN_IDENTITY = "iPhone Developer";
				COPY_PHASE_STRIP = NO;
				DEBUG_INFORMATION_FORMAT = dwarf;
				ENABLE_STRICT_OBJC_MSGSEND = YES;
				ENABLE_TESTABILITY = YES;
				GCC_C_LANGUAGE_STANDARD = gnu11;
				GCC_DYNAMIC_NO_PIC = NO;
				GCC_NO_COMMON_BLOCKS = YES;
				GCC_OPTIMIZATION_LEVEL = 0;
				GCC_PREPROCESSOR_DEFINITIONS = (
					"DEBUG=1",
					"$(inherited)",
				);
				GCC_WARN_64_TO_32_BIT_CONVERSION = YES;
				GCC_WARN_ABOUT_RETURN_TYPE = YES_ERROR;
				GCC_WARN_UNDECLARED_SELECTOR = YES;
				GCC_WARN_UNINITIALIZED_AUTOS = YES_AGGRESSIVE;
				GCC_WARN_UNUSED_FUNCTION = YES;
				GCC_WARN_UNUSED_VARIABLE = YES;
				IPHONEOS_DEPLOYMENT_TARGET = 12.4;
				MTL_ENABLE_DEBUG_INFO = INCLUDE_SOURCE;
				MTL_FAST_MATH = YES;
				ONLY_ACTIVE_ARCH = YES;
				SDKROOT = iphoneos;
				SWIFT_ACTIVE_COMPILATION_CONDITIONS = DEBUG;
				SWIFT_OPTIMIZATION_LEVEL = "-Onone";
			};
			name = Debug;
		};
		F346CC23233AB3D1008B860C /* Release */ = {
			isa = XCBuildConfiguration;
			buildSettings = {
				ALWAYS_SEARCH_USER_PATHS = NO;
				CLANG_ANALYZER_NONNULL = YES;
				CLANG_ANALYZER_NUMBER_OBJECT_CONVERSION = YES_AGGRESSIVE;
				CLANG_CXX_LANGUAGE_STANDARD = "gnu++14";
				CLANG_CXX_LIBRARY = "libc++";
				CLANG_ENABLE_MODULES = YES;
				CLANG_ENABLE_OBJC_ARC = YES;
				CLANG_ENABLE_OBJC_WEAK = YES;
				CLANG_WARN_BLOCK_CAPTURE_AUTORELEASING = YES;
				CLANG_WARN_BOOL_CONVERSION = YES;
				CLANG_WARN_COMMA = YES;
				CLANG_WARN_CONSTANT_CONVERSION = YES;
				CLANG_WARN_DEPRECATED_OBJC_IMPLEMENTATIONS = YES;
				CLANG_WARN_DIRECT_OBJC_ISA_USAGE = YES_ERROR;
				CLANG_WARN_DOCUMENTATION_COMMENTS = YES;
				CLANG_WARN_EMPTY_BODY = YES;
				CLANG_WARN_ENUM_CONVERSION = YES;
				CLANG_WARN_INFINITE_RECURSION = YES;
				CLANG_WARN_INT_CONVERSION = YES;
				CLANG_WARN_NON_LITERAL_NULL_CONVERSION = YES;
				CLANG_WARN_OBJC_IMPLICIT_RETAIN_SELF = YES;
				CLANG_WARN_OBJC_LITERAL_CONVERSION = YES;
				CLANG_WARN_OBJC_ROOT_CLASS = YES_ERROR;
				CLANG_WARN_RANGE_LOOP_ANALYSIS = YES;
				CLANG_WARN_STRICT_PROTOTYPES = YES;
				CLANG_WARN_SUSPICIOUS_MOVE = YES;
				CLANG_WARN_UNGUARDED_AVAILABILITY = YES_AGGRESSIVE;
				CLANG_WARN_UNREACHABLE_CODE = YES;
				CLANG_WARN__DUPLICATE_METHOD_MATCH = YES;
				CODE_SIGN_IDENTITY = "iPhone Developer";
				COPY_PHASE_STRIP = NO;
				DEBUG_INFORMATION_FORMAT = "dwarf-with-dsym";
				ENABLE_NS_ASSERTIONS = NO;
				ENABLE_STRICT_OBJC_MSGSEND = YES;
				GCC_C_LANGUAGE_STANDARD = gnu11;
				GCC_NO_COMMON_BLOCKS = YES;
				GCC_WARN_64_TO_32_BIT_CONVERSION = YES;
				GCC_WARN_ABOUT_RETURN_TYPE = YES_ERROR;
				GCC_WARN_UNDECLARED_SELECTOR = YES;
				GCC_WARN_UNINITIALIZED_AUTOS = YES_AGGRESSIVE;
				GCC_WARN_UNUSED_FUNCTION = YES;
				GCC_WARN_UNUSED_VARIABLE = YES;
				IPHONEOS_DEPLOYMENT_TARGET = 12.4;
				MTL_ENABLE_DEBUG_INFO = NO;
				MTL_FAST_MATH = YES;
				SDKROOT = iphoneos;
				SWIFT_COMPILATION_MODE = wholemodule;
				SWIFT_OPTIMIZATION_LEVEL = "-O";
				VALIDATE_PRODUCT = YES;
			};
			name = Release;
		};
		F346CC25233AB3D1008B860C /* Debug */ = {
			isa = XCBuildConfiguration;
			baseConfigurationReference = DC37BABB704E1B869FFF91D5 /* Pods-RealTalk.debug.xcconfig */;
			buildSettings = {
				ASSETCATALOG_COMPILER_APPICON_NAME = AppIcon;
				CODE_SIGN_STYLE = Automatic;
				DEVELOPMENT_TEAM = 4298JJL9L9;
				INFOPLIST_FILE = RealTalk/Info.plist;
				LD_RUNPATH_SEARCH_PATHS = (
					"$(inherited)",
					"@executable_path/Frameworks",
				);
				PRODUCT_BUNDLE_IDENTIFIER = RealTalk.RealTalk;
				PRODUCT_NAME = "$(TARGET_NAME)";
				SWIFT_VERSION = 5.0;
				TARGETED_DEVICE_FAMILY = "1,2";
			};
			name = Debug;
		};
		F346CC26233AB3D1008B860C /* Release */ = {
			isa = XCBuildConfiguration;
			baseConfigurationReference = EB60D4F91AA2C36C18C1F2B2 /* Pods-RealTalk.release.xcconfig */;
			buildSettings = {
				ASSETCATALOG_COMPILER_APPICON_NAME = AppIcon;
				CODE_SIGN_STYLE = Automatic;
				DEVELOPMENT_TEAM = 4298JJL9L9;
				INFOPLIST_FILE = RealTalk/Info.plist;
				LD_RUNPATH_SEARCH_PATHS = (
					"$(inherited)",
					"@executable_path/Frameworks",
				);
				PRODUCT_BUNDLE_IDENTIFIER = RealTalk.RealTalk;
				PRODUCT_NAME = "$(TARGET_NAME)";
				SWIFT_VERSION = 5.0;
				TARGETED_DEVICE_FAMILY = "1,2";
			};
			name = Release;
		};
		F346CC28233AB3D1008B860C /* Debug */ = {
			isa = XCBuildConfiguration;
			baseConfigurationReference = 2682B9034D9C28AB332F62F7 /* Pods-RealTalkTests.debug.xcconfig */;
			buildSettings = {
				ALWAYS_EMBED_SWIFT_STANDARD_LIBRARIES = YES;
				BUNDLE_LOADER = "$(TEST_HOST)";
				CODE_SIGN_STYLE = Automatic;
				INFOPLIST_FILE = RealTalkTests/Info.plist;
				LD_RUNPATH_SEARCH_PATHS = (
					"$(inherited)",
					"@executable_path/Frameworks",
					"@loader_path/Frameworks",
				);
				PRODUCT_BUNDLE_IDENTIFIER = RealTalk.RealTalkTests;
				PRODUCT_NAME = "$(TARGET_NAME)";
				SWIFT_VERSION = 5.0;
				TARGETED_DEVICE_FAMILY = "1,2";
				TEST_HOST = "$(BUILT_PRODUCTS_DIR)/RealTalk.app/RealTalk";
			};
			name = Debug;
		};
		F346CC29233AB3D1008B860C /* Release */ = {
			isa = XCBuildConfiguration;
			baseConfigurationReference = F852AAF7B279C968AEAE1FBD /* Pods-RealTalkTests.release.xcconfig */;
			buildSettings = {
				ALWAYS_EMBED_SWIFT_STANDARD_LIBRARIES = YES;
				BUNDLE_LOADER = "$(TEST_HOST)";
				CODE_SIGN_STYLE = Automatic;
				INFOPLIST_FILE = RealTalkTests/Info.plist;
				LD_RUNPATH_SEARCH_PATHS = (
					"$(inherited)",
					"@executable_path/Frameworks",
					"@loader_path/Frameworks",
				);
				PRODUCT_BUNDLE_IDENTIFIER = RealTalk.RealTalkTests;
				PRODUCT_NAME = "$(TARGET_NAME)";
				SWIFT_VERSION = 5.0;
				TARGETED_DEVICE_FAMILY = "1,2";
				TEST_HOST = "$(BUILT_PRODUCTS_DIR)/RealTalk.app/RealTalk";
			};
			name = Release;
		};
		F346CC2B233AB3D1008B860C /* Debug */ = {
			isa = XCBuildConfiguration;
			baseConfigurationReference = FD4628D642CED2259334A462 /* Pods-RealTalkUITests.debug.xcconfig */;
			buildSettings = {
				ALWAYS_EMBED_SWIFT_STANDARD_LIBRARIES = YES;
				CODE_SIGN_STYLE = Automatic;
				INFOPLIST_FILE = RealTalkUITests/Info.plist;
				LD_RUNPATH_SEARCH_PATHS = (
					"$(inherited)",
					"@executable_path/Frameworks",
					"@loader_path/Frameworks",
				);
				PRODUCT_BUNDLE_IDENTIFIER = RealTalk.RealTalkUITests;
				PRODUCT_NAME = "$(TARGET_NAME)";
				SWIFT_VERSION = 5.0;
				TARGETED_DEVICE_FAMILY = "1,2";
				TEST_TARGET_NAME = RealTalk;
			};
			name = Debug;
		};
		F346CC2C233AB3D1008B860C /* Release */ = {
			isa = XCBuildConfiguration;
			baseConfigurationReference = 6A9ACB0AC717606D48FBA62F /* Pods-RealTalkUITests.release.xcconfig */;
			buildSettings = {
				ALWAYS_EMBED_SWIFT_STANDARD_LIBRARIES = YES;
				CODE_SIGN_STYLE = Automatic;
				INFOPLIST_FILE = RealTalkUITests/Info.plist;
				LD_RUNPATH_SEARCH_PATHS = (
					"$(inherited)",
					"@executable_path/Frameworks",
					"@loader_path/Frameworks",
				);
				PRODUCT_BUNDLE_IDENTIFIER = RealTalk.RealTalkUITests;
				PRODUCT_NAME = "$(TARGET_NAME)";
				SWIFT_VERSION = 5.0;
				TARGETED_DEVICE_FAMILY = "1,2";
				TEST_TARGET_NAME = RealTalk;
			};
			name = Release;
		};
/* End XCBuildConfiguration section */

/* Begin XCConfigurationList section */
		F346CBF7233AB3D0008B860C /* Build configuration list for PBXProject "RealTalk" */ = {
			isa = XCConfigurationList;
			buildConfigurations = (
				F346CC22233AB3D1008B860C /* Debug */,
				F346CC23233AB3D1008B860C /* Release */,
			);
			defaultConfigurationIsVisible = 0;
			defaultConfigurationName = Release;
		};
		F346CC24233AB3D1008B860C /* Build configuration list for PBXNativeTarget "RealTalk" */ = {
			isa = XCConfigurationList;
			buildConfigurations = (
				F346CC25233AB3D1008B860C /* Debug */,
				F346CC26233AB3D1008B860C /* Release */,
			);
			defaultConfigurationIsVisible = 0;
			defaultConfigurationName = Release;
		};
		F346CC27233AB3D1008B860C /* Build configuration list for PBXNativeTarget "RealTalkTests" */ = {
			isa = XCConfigurationList;
			buildConfigurations = (
				F346CC28233AB3D1008B860C /* Debug */,
				F346CC29233AB3D1008B860C /* Release */,
			);
			defaultConfigurationIsVisible = 0;
			defaultConfigurationName = Release;
		};
		F346CC2A233AB3D1008B860C /* Build configuration list for PBXNativeTarget "RealTalkUITests" */ = {
			isa = XCConfigurationList;
			buildConfigurations = (
				F346CC2B233AB3D1008B860C /* Debug */,
				F346CC2C233AB3D1008B860C /* Release */,
			);
			defaultConfigurationIsVisible = 0;
			defaultConfigurationName = Release;
		};
/* End XCConfigurationList section */
	};
	rootObject = F346CBF4233AB3D0008B860C /* Project object */;
}
